{
  "dependencies": {
    "consul": {
      "integrity": "sha512-xWMEDRszShfzKI7XQKq12gr3359VUHUFOrAC2ETNpNe8PFO6AUnY0sbscB7JW5WhUEfuveDcI5ScYqM//20bow==",
      "requires": {
        "papi": "^1.1.0"
      },
      "resolved": "https://registry.npmjs.org/consul/-/consul-1.2.0.tgz",
      "version": "1.2.0"
    },
    "papi": {
      "integrity": "sha512-cwM6pPpfAYgPe3EQi23SmB5J5s4XFS9lou9z63I5BbnMGmFaR8LAKvKboW7n1IUAKj76OtnyK0YU16JjnZrqVg==",
      "resolved": "https://registry.npmjs.org/papi/-/papi-1.1.2.tgz",
      "version": "1.1.2"
    }
  },
  "lockfileVersion": 2,
  "name": "servicediscovery",
  "packages": {
    "": {
      "dependencies": {
        "consul": "^1.2.0"
      }
    },
    "node_modules/consul": {
      "dependencies": {
        "papi": "^1.1.0"
      },
      "integrity": "sha512-xWMEDRszShfzKI7XQKq12gr3359VUHUFOrAC2ETNpNe8PFO6AUnY0sbscB7JW5WhUEfuveDcI5ScYqM//20bow==",
      "resolved": "https://registry.npmjs.org/consul/-/consul-1.2.0.tgz",
      "version": "1.2.0"
    },
    "node_modules/papi": {
      "engines": {
        "node": ">=10.0.0"
      },
      "integrity": "sha512-cwM6pPpfAYgPe3EQi23SmB5J5s4XFS9lou9z63I5BbnMGmFaR8LAKvKboW7n1IUAKj76OtnyK0YU16JjnZrqVg==",
      "resolved": "https://registry.npmjs.org/papi/-/papi-1.1.2.tgz",
      "version": "1.1.2"
    }
  },
  "requires": true
}
