# generated by rye
# use `rye lock` or `rye sync` to update this lockfile
#
# last locked with the following flags:
#   pre: false
#   features: []
#   all-features: false
#   with-sources: false
#   generate-hashes: false
#   universal: false

-e file:.
certifi==2025.1.31
    # via requests
charset-normalizer==3.4.1
    # via requests
idna==3.10
    # via requests
lz4==4.4.3
    # via trino
python-dateutil==2.9.0.post0
    # via trino
pytz==2025.1
    # via trino
pyyaml==6.0.2
    # via basicdisquery
requests==2.32.3
    # via trino
six==1.17.0
    # via python-dateutil
trino==0.332.0
    # via basicdisquery
tzlocal==5.2
    # via trino
urllib3==2.3.0
    # via requests
zstandard==0.23.0
    # via trino
