# generated by rye
# use `rye lock` or `rye sync` to update this lockfile
#
# last locked with the following flags:
#   pre: false
#   features: []
#   all-features: false
#   with-sources: false
#   generate-hashes: false
#   universal: false

-e file:.
cassandra-driver==3.29.3
    # via cqlsh
click==8.3.1
    # via geomet
cqlsh==6.2.1
    # via basiccassandra
geomet==1.1.0
    # via cassandra-driver
pure-sasl==0.6.2
    # via cqlsh
wcwidth==0.2.14
    # via cqlsh
